github.com/BurntSushi/toml v0.3.1 h1:WXkYYl6Yr3qBf1K79EBnL4mak0OimBfB0XUf9Vl28OQ=
github.com/BurntSushi/toml v0.3.1/go.mod h1:xHWCNGjB5oqiDr8zfno3MHue2Ht5sIBksp03qcyfWMU=
github.com/davecgh/go-spew v1.1.1 h1:vj9j/u1bqnvCEfJOwUhtlOARqs3+rkHYY13jYWTU97c=
github.com/davecgh/go-spew v1.1.1/go.mod h1:J7Y8YcW2NihsgmVo/mv3lAwl/skON4iLHjSsI+c5H38=
github.com/go-akka/configuration v0.0.0-20190712021255-16baaebe39b5/go.mod h1:19bUnum2ZAeftfwwLZ/wRe7idyfoW2MfmXO464Hrfbw=
github.com/konsorten/go-windows-terminal-sequences v1.0.1 h1:mweAR1A6xJ3oS2pRaGiHgQ4OO8tzTaLawm8vnODuwDk=
github.com/konsorten/go-windows-terminal-sequences v1.0.1/go.mod h1:T0+1ngSBFLxvqU3pZ+m/2kptfBszLMUkC4ZK/EgS/cQ=
github.com/konsorten/go-windows-terminal-sequences v1.0.2 h1:DB17ag19krx9CFsz4o3enTrPXyIXCl+2iCXH/aMAp9s=
github.com/konsorten/go-windows-terminal-sequences v1.0.2/go.mod h1:T0+1ngSBFLxvqU3pZ+m/2kptfBszLMUkC4ZK/EgS/cQ=
github.com/pelletier/go-toml v1.4.0 h1:u3Z1r+oOXJIkxqw34zVhyPgjBsm6X2wn21NWs/HfSeg=
github.com/pelletier/go-toml v1.4.0/go.mod h1:PN7xzY2wHTK0K9p34ErDQMlFxa51Fk0OUruD3k1mMwo=
github.com/pmezard/go-difflib v1.0.0 h1:4DBwDE0NGyQoBHbLQYPwSUPoCMWR5BEzIk/f1lZbAQM=
github.com/pmezard/go-difflib v1.0.0/go.mod h1:iKH77koFhYxTK1pcRnkKkqfTogsbg7gZNVY4sRDYZ/4=
github.com/sirupsen/logrus v1.4.2 h1:SPIRibHv4MatM3XXNO2BJeFLZwZ2LvZgfQ5+UNI2im4=
github.com/sirupsen/logrus v1.4.2/go.mod h1:tLMulIdttU9McNUspp0xgXVQah82FyeX6MwdIuYE2rE=
github.com/stretchr/objx v0.1.1/go.mod h1:HFkY916IF+rwdDfMAkV7OtwuqBVzrE8GR6GFx+wExME=
github.com/stretchr/testify v1.2.2 h1:bSDNvY7ZPG5RlJ8otE/7V6gMiyenm9RtJ7IUVIAoJ1w=
github.com/stretchr/testify v1.2.2/go.mod h1:a8OnRcib4nhh0OaRAV+Yts87kKdq0PP7pXfy6kDkUVs=
github.com/wiloon/pingd-config v0.0.0-20190825052039-3de65a90d7c4 h1:S2wHJVEFmxcyV+3hdxhzJZKL6qYUen1OnumW9VStLbI=
github.com/wiloon/pingd-config v0.0.0-20190825052039-3de65a90d7c4/go.mod h1:kaN9/6M+C14iO2pKb1XJDjexcwv598pUHqGeFiFbUjQ=
github.com/wiloon/pingd-log v0.0.0-20191101091929-b95aa15f8769 h1:8u99epxJv90KcgYa8UGWTXzbaKF7/7yWkGvSyAsATWc=
github.com/wiloon/pingd-log v0.0.0-20191101091929-b95aa15f8769/go.mod h1:5TfW7BpO6qczIPtRr/lLU2q3sncGa1pFZUnQ/HLwDe4=
github.com/wiloon/pingd-log v1.0.0 h1:hlRSIQyqsFaOn22svnE+Ek04lkv7QOo3akZhlRCDvL8=
github.com/wiloon/pingd-log v1.0.0/go.mod h1:5TfW7BpO6qczIPtRr/lLU2q3sncGa1pFZUnQ/HLwDe4=
github.com/wiloon/pingd-log v1.0.1-0.20191101094431-acf049d05b2e h1:1dlKbWY6R7QrV4I7lUWvZxg/ViCfLzsX2UA4cZx/Iyo=
github.com/wiloon/pingd-log v1.0.1-0.20191101094431-acf049d05b2e/go.mod h1:5TfW7BpO6qczIPtRr/lLU2q3sncGa1pFZUnQ/HLwDe4=
github.com/wiloon/pingd-utils v0.0.0-20191028083409-83b7394dd71f h1:TSNbY1xV5iprel4yq2QPAHV4NV/j5cbK4OtZpKQ0rZI=
github.com/wiloon/pingd-utils v0.0.0-20191028083409-83b7394dd71f/go.mod h1:n2ltmgQhplSzpoSJUBM8nUF1c2jztdp9PX9PA8MuvRM=
go.etcd.io/bbolt v1.3.3 h1:MUGmc65QhB3pIlaQ5bB4LwqSj6GIonVJXpZiaKNyaKk=
go.etcd.io/bbolt v1.3.3/go.mod h1:IbVyRI1SCnLcuJnV2u8VeU0CEYM7e686BmAb1XKL+uU=
golang.org/x/sys v0.0.0-20190422165155-953cdadca894/go.mod h1:h1NjWce9XRLGQEsW7wpKNCjG9DtNlClVuFLEZdDNbEs=
golang.org/x/sys v0.0.0-20191027211539-f8518d3b3627 h1:/FZUR3d/QsXe4AcJyJFCc40TOj3y6Hs23Y3YJlvVkWo=
golang.org/x/sys v0.0.0-20191027211539-f8518d3b3627/go.mod h1:h1NjWce9XRLGQEsW7wpKNCjG9DtNlClVuFLEZdDNbEs=
gopkg.in/check.v1 v0.0.0-20161208181325-20d25e280405 h1:yhCVgyC4o1eVCa2tZl7eS0r+SDo693bJlVdllGtEeKM=
gopkg.in/check.v1 v0.0.0-20161208181325-20d25e280405/go.mod h1:Co6ibVJAznAaIkqp8huTwlJQCZ016jof/cbN4VW5Yz0=
gopkg.in/yaml.v2 v2.2.2 h1:ZCJp+EgiOT7lHqUV2J862kp8Qj64Jo6az82+3Td9dZw=
gopkg.in/yaml.v2 v2.2.2/go.mod h1:hI93XBmqTisBFMUTm0b8Fm+jr3Dg1NNxqwp+5A1VGuI=
